
Microsoft Visual Studio Solution File, Format Version 12.00
# Visual Studio Version 16
VisualStudioVersion = 16.0.33328.57
MinimumVisualStudioVersion = 10.0.40219.1
Project("{FAE04EC0-301F-11D3-BF4B-00C04F79EFBC}") = "SplashScreen", "SplashScreen\SplashScreen.csproj", "{2C19CC33-BB50-472D-BC9A-C08BDB1C0034}"
EndProject
Global
	GlobalSection(SolutionConfigurationPlatforms) = preSolution
		Debug|Any CPU = Debug|Any CPU
		Release|Any CPU = Release|Any CPU
	EndGlobalSection
	GlobalSection(ProjectConfigurationPlatforms) = postSolution
		{2C19CC33-BB50-472D-BC9A-C08BDB1C0034}.Debug|Any CPU.ActiveCfg = Debug|Any CPU
		{2C19CC33-BB50-472D-BC9A-C08BDB1C0034}.Debug|Any CPU.Build.0 = Debug|Any CPU
		{2C19CC33-BB50-472D-BC9A-C08BDB1C0034}.Release|Any CPU.ActiveCfg = Release|Any CPU
		{2C19CC33-BB50-472D-BC9A-C08BDB1C0034}.Release|Any CPU.Build.0 = Release|Any CPU
	EndGlobalSection
	GlobalSection(SolutionProperties) = preSolution
		HideSolutionNode = FALSE
	EndGlobalSection
	GlobalSection(ExtensibilityGlobals) = postSolution
		SolutionGuid = {7E644A0A-5CBD-4F0F-9B68-7A48791D5D45}
	EndGlobalSection
EndGlobal
